// !$*UTF8*$!
{
	archiveVersion = 1;
	classes = {
	};
	objectVersion = 46;
	objects = {

/* Begin PBXBuildFile section */
		02C6A8C51E1ECA920006885D /* GoogleService-Info.plist in Resources */ = {isa = PBXBuildFile; fileRef = 02C6A8C41E1ECA920006885D /* GoogleService-Info.plist */; };
		02C6A8C71E2143960006885D /* DetailViewController.swift in Sources */ = {isa = PBXBuildFile; fileRef = 02C6A8C61E2143960006885D /* DetailViewController.swift */; };
		02C6A8C91E21A1F20006885D /* NewRequestViewController.swift in Sources */ = {isa = PBXBuildFile; fileRef = 02C6A8C81E21A1F20006885D /* NewRequestViewController.swift */; };
		7AFFEF1174D54C927B21E229 /* Pods_TwoCans.framework in Frameworks */ = {isa = PBXBuildFile; fileRef = 3C72F245B96154F1778DA6B7 /* Pods_TwoCans.framework */; };
		DF91ED121E1BF1AD004200E3 /* AppState.swift in Sources */ = {isa = PBXBuildFile; fileRef = DF91ED111E1BF1AD004200E3 /* AppState.swift */; };
		DFF747071E1AA21500453B40 /* AppDelegate.swift in Sources */ = {isa = PBXBuildFile; fileRef = DFF747061E1AA21500453B40 /* AppDelegate.swift */; };
		DFF747091E1AA21500453B40 /* RequestViewController.swift in Sources */ = {isa = PBXBuildFile; fileRef = DFF747081E1AA21500453B40 /* RequestViewController.swift */; };
		DFF7470C1E1AA21500453B40 /* Main.storyboard in Resources */ = {isa = PBXBuildFile; fileRef = DFF7470A1E1AA21500453B40 /* Main.storyboard */; };
		DFF7470E1E1AA21500453B40 /* Assets.xcassets in Resources */ = {isa = PBXBuildFile; fileRef = DFF7470D1E1AA21500453B40 /* Assets.xcassets */; };
		DFF747111E1AA21500453B40 /* LaunchScreen.storyboard in Resources */ = {isa = PBXBuildFile; fileRef = DFF7470F1E1AA21500453B40 /* LaunchScreen.storyboard */; };
		DFF747191E1AB85800453B40 /* LoginViewController.swift in Sources */ = {isa = PBXBuildFile; fileRef = DFF747181E1AB85800453B40 /* LoginViewController.swift */; };
/* End PBXBuildFile section */

/* Begin PBXFileReference section */
		02C6A8C41E1ECA920006885D /* GoogleService-Info.plist */ = {isa = PBXFileReference; fileEncoding = 4; lastKnownFileType = text.plist.xml; path = "GoogleService-Info.plist"; sourceTree = "<group>"; };
		02C6A8C61E2143960006885D /* DetailViewController.swift */ = {isa = PBXFileReference; fileEncoding = 4; lastKnownFileType = sourcecode.swift; path = DetailViewController.swift; sourceTree = "<group>"; };
		02C6A8C81E21A1F20006885D /* NewRequestViewController.swift */ = {isa = PBXFileReference; fileEncoding = 4; lastKnownFileType = sourcecode.swift; path = NewRequestViewController.swift; sourceTree = "<group>"; };
		1573152A0D853E98B5A6182C /* Pods-TwoCans.debug.xcconfig */ = {isa = PBXFileReference; includeInIndex = 1; lastKnownFileType = text.xcconfig; name = "Pods-TwoCans.debug.xcconfig"; path = "Pods/Target Support Files/Pods-TwoCans/Pods-TwoCans.debug.xcconfig"; sourceTree = "<group>"; };
		3C72F245B96154F1778DA6B7 /* Pods_TwoCans.framework */ = {isa = PBXFileReference; explicitFileType = wrapper.framework; includeInIndex = 0; path = Pods_TwoCans.framework; sourceTree = BUILT_PRODUCTS_DIR; };
		75CE0A92A71AB3FD0A2683DC /* Pods-TwoCans.release.xcconfig */ = {isa = PBXFileReference; includeInIndex = 1; lastKnownFileType = text.xcconfig; name = "Pods-TwoCans.release.xcconfig"; path = "Pods/Target Support Files/Pods-TwoCans/Pods-TwoCans.release.xcconfig"; sourceTree = "<group>"; };
		DF91ED111E1BF1AD004200E3 /* AppState.swift */ = {isa = PBXFileReference; fileEncoding = 4; lastKnownFileType = sourcecode.swift; path = AppState.swift; sourceTree = "<group>"; };
		DFF747031E1AA21500453B40 /* Request.app */ = {isa = PBXFileReference; explicitFileType = wrapper.application; includeInIndex = 0; path = Request.app; sourceTree = BUILT_PRODUCTS_DIR; };
		DFF747061E1AA21500453B40 /* AppDelegate.swift */ = {isa = PBXFileReference; lastKnownFileType = sourcecode.swift; path = AppDelegate.swift; sourceTree = "<group>"; };
		DFF747081E1AA21500453B40 /* RequestViewController.swift */ = {isa = PBXFileReference; lastKnownFileType = sourcecode.swift; path = RequestViewController.swift; sourceTree = "<group>"; };
		DFF7470B1E1AA21500453B40 /* Base */ = {isa = PBXFileReference; lastKnownFileType = file.storyboard; name = Base; path = Base.lproj/Main.storyboard; sourceTree = "<group>"; };
		DFF7470D1E1AA21500453B40 /* Assets.xcassets */ = {isa = PBXFileReference; lastKnownFileType = folder.assetcatalog; path = Assets.xcassets; sourceTree = "<group>"; };
		DFF747101E1AA21500453B40 /* Base */ = {isa = PBXFileReference; lastKnownFileType = file.storyboard; name = Base; path = Base.lproj/LaunchScreen.storyboard; sourceTree = "<group>"; };
		DFF747121E1AA21500453B40 /* Info.plist */ = {isa = PBXFileReference; lastKnownFileType = text.plist.xml; path = Info.plist; sourceTree = "<group>"; };
		DFF747181E1AB85800453B40 /* LoginViewController.swift */ = {isa = PBXFileReference; fileEncoding = 4; lastKnownFileType = sourcecode.swift; path = LoginViewController.swift; sourceTree = "<group>"; };
/* End PBXFileReference section */

/* Begin PBXFrameworksBuildPhase section */
		DFF747001E1AA21500453B40 /* Frameworks */ = {
			isa = PBXFrameworksBuildPhase;
			buildActionMask = 2147483647;
			files = (
				7AFFEF1174D54C927B21E229 /* Pods_TwoCans.framework in Frameworks */,
			);
			runOnlyForDeploymentPostprocessing = 0;
		};
/* End PBXFrameworksBuildPhase section */

/* Begin PBXGroup section */
		48E1705BCF6989BF8AED3CB4 /* Frameworks */ = {
			isa = PBXGroup;
			children = (
				3C72F245B96154F1778DA6B7 /* Pods_TwoCans.framework */,
			);
			name = Frameworks;
			sourceTree = "<group>";
		};
		CAC887CE346E6C402E61A10A /* Pods */ = {
			isa = PBXGroup;
			children = (
				1573152A0D853E98B5A6182C /* Pods-TwoCans.debug.xcconfig */,
				75CE0A92A71AB3FD0A2683DC /* Pods-TwoCans.release.xcconfig */,
			);
			name = Pods;
			sourceTree = "<group>";
		};
		DFF746FA1E1AA21500453B40 = {
			isa = PBXGroup;
			children = (
				DFF747051E1AA21500453B40 /* Request */,
				DFF747041E1AA21500453B40 /* Products */,
				CAC887CE346E6C402E61A10A /* Pods */,
				48E1705BCF6989BF8AED3CB4 /* Frameworks */,
			);
			sourceTree = "<group>";
		};
		DFF747041E1AA21500453B40 /* Products */ = {
			isa = PBXGroup;
			children = (
				DFF747031E1AA21500453B40 /* Request.app */,
			);
			name = Products;
			sourceTree = "<group>";
		};
		DFF747051E1AA21500453B40 /* Request */ = {
			isa = PBXGroup;
			children = (
				DFF747061E1AA21500453B40 /* AppDelegate.swift */,
				DFF747081E1AA21500453B40 /* RequestViewController.swift */,
				DF91ED111E1BF1AD004200E3 /* AppState.swift */,
				DFF7470A1E1AA21500453B40 /* Main.storyboard */,
				02C6A8C61E2143960006885D /* DetailViewController.swift */,
				02C6A8C81E21A1F20006885D /* NewRequestViewController.swift */,
				02C6A8C41E1ECA920006885D /* GoogleService-Info.plist */,
				DFF747181E1AB85800453B40 /* LoginViewController.swift */,
				DFF7470D1E1AA21500453B40 /* Assets.xcassets */,
				DFF7470F1E1AA21500453B40 /* LaunchScreen.storyboard */,
				DFF747121E1AA21500453B40 /* Info.plist */,
			);
			name = Request;
			path = TwoCans;
			sourceTree = "<group>";
		};
/* End PBXGroup section */

/* Begin PBXNativeTarget section */
		DFF747021E1AA21500453B40 /* Request */ = {
			isa = PBXNativeTarget;
			buildConfigurationList = DFF747151E1AA21500453B40 /* Build configuration list for PBXNativeTarget "Request" */;
			buildPhases = (
				A5661AFB7143924EA068C891 /* [CP] Check Pods Manifest.lock */,
				DFF746FF1E1AA21500453B40 /* Sources */,
				DFF747001E1AA21500453B40 /* Frameworks */,
				DFF747011E1AA21500453B40 /* Resources */,
				E7A56BCB9E35798F53E0BE9D /* [CP] Embed Pods Frameworks */,
				3BA94D72288562FA24897C54 /* [CP] Copy Pods Resources */,
			);
			buildRules = (
			);
			dependencies = (
			);
			name = Request;
			productName = TwoCans;
			productReference = DFF747031E1AA21500453B40 /* Request.app */;
			productType = "com.apple.product-type.application";
		};
/* End PBXNativeTarget section */

/* Begin PBXProject section */
		DFF746FB1E1AA21500453B40 /* Project object */ = {
			isa = PBXProject;
			attributes = {
				LastSwiftUpdateCheck = 0820;
				LastUpgradeCheck = 0820;
				ORGANIZATIONNAME = "The Iron Yard";
				TargetAttributes = {
					DFF747021E1AA21500453B40 = {
						CreatedOnToolsVersion = 8.2.1;
						ProvisioningStyle = Automatic;
					};
				};
			};
			buildConfigurationList = DFF746FE1E1AA21500453B40 /* Build configuration list for PBXProject "Request" */;
			compatibilityVersion = "Xcode 3.2";
			developmentRegion = English;
			hasScannedForEncodings = 0;
			knownRegions = (
				en,
				Base,
			);
			mainGroup = DFF746FA1E1AA21500453B40;
			productRefGroup = DFF747041E1AA21500453B40 /* Products */;
			projectDirPath = "";
			projectRoot = "";
			targets = (
				DFF747021E1AA21500453B40 /* Request */,
			);
		};
/* End PBXProject section */

/* Begin PBXResourcesBuildPhase section */
		DFF747011E1AA21500453B40 /* Resources */ = {
			isa = PBXResourcesBuildPhase;
			buildActionMask = 2147483647;
			files = (
				DFF747111E1AA21500453B40 /* LaunchScreen.storyboard in Resources */,
				02C6A8C51E1ECA920006885D /* GoogleService-Info.plist in Resources */,
				DFF7470E1E1AA21500453B40 /* Assets.xcassets in Resources */,
				DFF7470C1E1AA21500453B40 /* Main.storyboard in Resources */,
			);
			runOnlyForDeploymentPostprocessing = 0;
		};
/* End PBXResourcesBuildPhase section */

/* Begin PBXShellScriptBuildPhase section */
		3BA94D72288562FA24897C54 /* [CP] Copy Pods Resources */ = {
			isa = PBXShellScriptBuildPhase;
			buildActionMask = 2147483647;
			files = (
			);
			inputPaths = (
			);
			name = "[CP] Copy Pods Resources";
			outputPaths = (
			);
			runOnlyForDeploymentPostprocessing = 0;
			shellPath = /bin/sh;
			shellScript = "\"${SRCROOT}/Pods/Target Support Files/Pods-TwoCans/Pods-TwoCans-resources.sh\"\n";
			showEnvVarsInLog = 0;
		};
		A5661AFB7143924EA068C891 /* [CP] Check Pods Manifest.lock */ = {
			isa = PBXShellScriptBuildPhase;
			buildActionMask = 2147483647;
			files = (
			);
			inputPaths = (
			);
			name = "[CP] Check Pods Manifest.lock";
			outputPaths = (
			);
			runOnlyForDeploymentPostprocessing = 0;
			shellPath = /bin/sh;
			shellScript = "diff \"${PODS_ROOT}/../Podfile.lock\" \"${PODS_ROOT}/Manifest.lock\" > /dev/null\nif [ $? != 0 ] ; then\n    # print error to STDERR\n    echo \"error: The sandbox is not in sync with the Podfile.lock. Run 'pod install' or update your CocoaPods installation.\" >&2\n    exit 1\nfi\n";
			showEnvVarsInLog = 0;
		};
		E7A56BCB9E35798F53E0BE9D /* [CP] Embed Pods Frameworks */ = {
			isa = PBXShellScriptBuildPhase;
			buildActionMask = 2147483647;
			files = (
			);
			inputPaths = (
			);
			name = "[CP] Embed Pods Frameworks";
			outputPaths = (
			);
			runOnlyForDeploymentPostprocessing = 0;
			shellPath = /bin/sh;
			shellScript = "\"${SRCROOT}/Pods/Target Support Files/Pods-TwoCans/Pods-TwoCans-frameworks.sh\"\n";
			showEnvVarsInLog = 0;
		};
/* End PBXShellScriptBuildPhase section */

/* Begin PBXSourcesBuildPhase section */
		DFF746FF1E1AA21500453B40 /* Sources */ = {
			isa = PBXSourcesBuildPhase;
			buildActionMask = 2147483647;
			files = (
				02C6A8C71E2143960006885D /* DetailViewController.swift in Sources */,
				DFF747191E1AB85800453B40 /* LoginViewController.swift in Sources */,
				DFF747091E1AA21500453B40 /* RequestViewController.swift in Sources */,
				DFF747071E1AA21500453B40 /* AppDelegate.swift in Sources */,
				DF91ED121E1BF1AD004200E3 /* AppState.swift in Sources */,
				02C6A8C91E21A1F20006885D /* NewRequestViewController.swift in Sources */,
			);
			runOnlyForDeploymentPostprocessing = 0;
		};
/* End PBXSourcesBuildPhase section */

/* Begin PBXVariantGroup section */
		DFF7470A1E1AA21500453B40 /* Main.storyboard */ = {
			isa = PBXVariantGroup;
			children = (
				DFF7470B1E1AA21500453B40 /* Base */,
			);
			name = Main.storyboard;
			sourceTree = "<group>";
		};
		DFF7470F1E1AA21500453B40 /* LaunchScreen.storyboard */ = {
			isa = PBXVariantGroup;
			children = (
				DFF747101E1AA21500453B40 /* Base */,
			);
			name = LaunchScreen.storyboard;
			sourceTree = "<group>";
		};
/* End PBXVariantGroup section */

/* Begin XCBuildConfiguration section */
		DFF747131E1AA21500453B40 /* Debug */ = {
			isa = XCBuildConfiguration;
			buildSettings = {
				ALWAYS_SEARCH_USER_PATHS = NO;
				CLANG_ANALYZER_NONNULL = YES;
				CLANG_CXX_LANGUAGE_STANDARD = "gnu++0x";
				CLANG_CXX_LIBRARY = "libc++";
				CLANG_ENABLE_MODULES = YES;
				CLANG_ENABLE_OBJC_ARC = YES;
				CLANG_WARN_BOOL_CONVERSION = YES;
				CLANG_WARN_CONSTANT_CONVERSION = YES;
				CLANG_WARN_DIRECT_OBJC_ISA_USAGE = YES_ERROR;
				CLANG_WARN_DOCUMENTATION_COMMENTS = YES;
				CLANG_WARN_EMPTY_BODY = YES;
				CLANG_WARN_ENUM_CONVERSION = YES;
				CLANG_WARN_INFINITE_RECURSION = YES;
				CLANG_WARN_INT_CONVERSION = YES;
				CLANG_WARN_OBJC_ROOT_CLASS = YES_ERROR;
				CLANG_WARN_SUSPICIOUS_MOVE = YES;
				CLANG_WARN_UNREACHABLE_CODE = YES;
				CLANG_WARN__DUPLICATE_METHOD_MATCH = YES;
				"CODE_SIGN_IDENTITY[sdk=iphoneos*]" = "iPhone Developer";
				COPY_PHASE_STRIP = NO;
				DEBUG_INFORMATION_FORMAT = dwarf;
				ENABLE_STRICT_OBJC_MSGSEND = YES;
				ENABLE_TESTABILITY = YES;
				GCC_C_LANGUAGE_STANDARD = gnu99;
				GCC_DYNAMIC_NO_PIC = NO;
				GCC_NO_COMMON_BLOCKS = YES;
				GCC_OPTIMIZATION_LEVEL = 0;
				GCC_PREPROCESSOR_DEFINITIONS = (
					"DEBUG=1",
					"$(inherited)",
				);
				GCC_WARN_64_TO_32_BIT_CONVERSION = YES;
				GCC_WARN_ABOUT_RETURN_TYPE = YES_ERROR;
				GCC_WARN_UNDECLARED_SELECTOR = YES;
				GCC_WARN_UNINITIALIZED_AUTOS = YES_AGGRESSIVE;
				GCC_WARN_UNUSED_FUNCTION = YES;
				GCC_WARN_UNUSED_VARIABLE = YES;
				IPHONEOS_DEPLOYMENT_TARGET = 10.2;
				MTL_ENABLE_DEBUG_INFO = YES;
				ONLY_ACTIVE_ARCH = YES;
				SDKROOT = iphoneos;
				SWIFT_ACTIVE_COMPILATION_CONDITIONS = DEBUG;
				SWIFT_OPTIMIZATION_LEVEL = "-Onone";
			};
			name = Debug;
		};
		DFF747141E1AA21500453B40 /* Release */ = {
			isa = XCBuildConfiguration;
			buildSettings = {
				ALWAYS_SEARCH_USER_PATHS = NO;
				CLANG_ANALYZER_NONNULL = YES;
				CLANG_CXX_LANGUAGE_STANDARD = "gnu++0x";
				CLANG_CXX_LIBRARY = "libc++";
				CLANG_ENABLE_MODULES = YES;
				CLANG_ENABLE_OBJC_ARC = YES;
				CLANG_WARN_BOOL_CONVERSION = YES;
				CLANG_WARN_CONSTANT_CONVERSION = YES;
				CLANG_WARN_DIRECT_OBJC_ISA_USAGE = YES_ERROR;
				CLANG_WARN_DOCUMENTATION_COMMENTS = YES;
				CLANG_WARN_EMPTY_BODY = YES;
				CLANG_WARN_ENUM_CONVERSION = YES;
				CLANG_WARN_INFINITE_RECURSION = YES;
				CLANG_WARN_INT_CONVERSION = YES;
				CLANG_WARN_OBJC_ROOT_CLASS = YES_ERROR;
				CLANG_WARN_SUSPICIOUS_MOVE = YES;
				CLANG_WARN_UNREACHABLE_CODE = YES;
				CLANG_WARN__DUPLICATE_METHOD_MATCH = YES;
				"CODE_SIGN_IDENTITY[sdk=iphoneos*]" = "iPhone Developer";
				COPY_PHASE_STRIP = NO;
				DEBUG_INFORMATION_FORMAT = "dwarf-with-dsym";
				ENABLE_NS_ASSERTIONS = NO;
				ENABLE_STRICT_OBJC_MSGSEND = YES;
				GCC_C_LANGUAGE_STANDARD = gnu99;
				GCC_NO_COMMON_BLOCKS = YES;
				GCC_WARN_64_TO_32_BIT_CONVERSION = YES;
				GCC_WARN_ABOUT_RETURN_TYPE = YES_ERROR;
				GCC_WARN_UNDECLARED_SELECTOR = YES;
				GCC_WARN_UNINITIALIZED_AUTOS = YES_AGGRESSIVE;
				GCC_WARN_UNUSED_FUNCTION = YES;
				GCC_WARN_UNUSED_VARIABLE = YES;
				IPHONEOS_DEPLOYMENT_TARGET = 10.2;
				MTL_ENABLE_DEBUG_INFO = NO;
				SDKROOT = iphoneos;
				SWIFT_OPTIMIZATION_LEVEL = "-Owholemodule";
				VALIDATE_PRODUCT = YES;
			};
			name = Release;
		};
		DFF747161E1AA21500453B40 /* Debug */ = {
			isa = XCBuildConfiguration;
			baseConfigurationReference = 1573152A0D853E98B5A6182C /* Pods-TwoCans.debug.xcconfig */;
			buildSettings = {
				ASSETCATALOG_COMPILER_APPICON_NAME = AppIcon;
				INFOPLIST_FILE = TwoCans/Info.plist;
				LD_RUNPATH_SEARCH_PATHS = "$(inherited) @executable_path/Frameworks";
				PRODUCT_BUNDLE_IDENTIFIER = com.tiy.Request;
				PRODUCT_NAME = "$(TARGET_NAME)";
				SWIFT_VERSION = 3.0;
			};
			name = Debug;
		};
		DFF747171E1AA21500453B40 /* Release */ = {
			isa = XCBuildConfiguration;
			baseConfigurationReference = 75CE0A92A71AB3FD0A2683DC /* Pods-TwoCans.release.xcconfig */;
			buildSettings = {
				ASSETCATALOG_COMPILER_APPICON_NAME = AppIcon;
				INFOPLIST_FILE = TwoCans/Info.plist;
				LD_RUNPATH_SEARCH_PATHS = "$(inherited) @executable_path/Frameworks";
				PRODUCT_BUNDLE_IDENTIFIER = com.tiy.Request;
				PRODUCT_NAME = "$(TARGET_NAME)";
				SWIFT_VERSION = 3.0;
			};
			name = Release;
		};
/* End XCBuildConfiguration section */

/* Begin XCConfigurationList section */
		DFF746FE1E1AA21500453B40 /* Build configuration list for PBXProject "Request" */ = {
			isa = XCConfigurationList;
			buildConfigurations = (
				DFF747131E1AA21500453B40 /* Debug */,
				DFF747141E1AA21500453B40 /* Release */,
			);
			defaultConfigurationIsVisible = 0;
			defaultConfigurationName = Release;
		};
		DFF747151E1AA21500453B40 /* Build configuration list for PBXNativeTarget "Request" */ = {
			isa = XCConfigurationList;
			buildConfigurations = (
				DFF747161E1AA21500453B40 /* Debug */,
				DFF747171E1AA21500453B40 /* Release */,
			);
			defaultConfigurationIsVisible = 0;
			defaultConfigurationName = Release;
		};
/* End XCConfigurationList section */
	};
	rootObject = DFF746FB1E1AA21500453B40 /* Project object */;
}
